
Microsoft Visual Studio Solution File, Format Version 12.00
# Visual Studio Version 16
VisualStudioVersion = 16.0.31025.194
MinimumVisualStudioVersion = 10.0.40219.1
Project("{FAE04EC0-301F-11D3-BF4B-00C04F79EFBC}") = "Email Scraper", "Email Scraper.csproj", "{9944E0C1-08CE-4369-847E-FA30D1DDED43}"
EndProject
Global
	GlobalSection(SolutionConfigurationPlatforms) = preSolution
		Debug|Any CPU = Debug|Any CPU
		Release|Any CPU = Release|Any CPU
	EndGlobalSection
	GlobalSection(ProjectConfigurationPlatforms) = postSolution
		{9944E0C1-08CE-4369-847E-FA30D1DDED43}.Debug|Any CPU.ActiveCfg = Debug|Any CPU
		{9944E0C1-08CE-4369-847E-FA30D1DDED43}.Debug|Any CPU.Build.0 = Debug|Any CPU
		{9944E0C1-08CE-4369-847E-FA30D1DDED43}.Release|Any CPU.ActiveCfg = Release|Any CPU
		{9944E0C1-08CE-4369-847E-FA30D1DDED43}.Release|Any CPU.Build.0 = Release|Any CPU
	EndGlobalSection
	GlobalSection(SolutionProperties) = preSolution
		HideSolutionNode = FALSE
	EndGlobalSection
	GlobalSection(ExtensibilityGlobals) = postSolution
		SolutionGuid = {2AC67095-5427-4534-A6F5-D631DA5B245D}
	EndGlobalSection
EndGlobal
